
Microsoft Visual Studio Solution File, Format Version 12.00
# Visual Studio 14
VisualStudioVersion = 14.0.25420.1
MinimumVisualStudioVersion = 10.0.40219.1
Project("{FAE04EC0-301F-11D3-BF4B-00C04F79EFBC}") = "B7 - Jeffrey Wong ICS3U", "B7 - Jeffrey Wong ICS3U\B7 - Jeffrey Wong ICS3U.csproj", "{1A528D31-A4C7-4F3C-8A89-2ADC920A3093}"
EndProject
Global
	GlobalSection(SolutionConfigurationPlatforms) = preSolution
		Debug|Any CPU = Debug|Any CPU
		Release|Any CPU = Release|Any CPU
	EndGlobalSection
	GlobalSection(ProjectConfigurationPlatforms) = postSolution
		{1A528D31-A4C7-4F3C-8A89-2ADC920A3093}.Debug|Any CPU.ActiveCfg = Debug|Any CPU
		{1A528D31-A4C7-4F3C-8A89-2ADC920A3093}.Debug|Any CPU.Build.0 = Debug|Any CPU
		{1A528D31-A4C7-4F3C-8A89-2ADC920A3093}.Release|Any CPU.ActiveCfg = Release|Any CPU
		{1A528D31-A4C7-4F3C-8A89-2ADC920A3093}.Release|Any CPU.Build.0 = Release|Any CPU
	EndGlobalSection
	GlobalSection(SolutionProperties) = preSolution
		HideSolutionNode = FALSE
	EndGlobalSection
EndGlobal
