
Microsoft Visual Studio Solution File, Format Version 12.00
# Visual Studio 14
VisualStudioVersion = 14.0.25420.1
MinimumVisualStudioVersion = 10.0.40219.1
Project("{FAE04EC0-301F-11D3-BF4B-00C04F79EFBC}") = "B9 - Jeffrey Wong ICS3U", "B9 - Jeffrey Wong ICS3U\B9 - Jeffrey Wong ICS3U.csproj", "{764ECD71-ECBB-4103-A985-4BBC9917925D}"
EndProject
Global
	GlobalSection(SolutionConfigurationPlatforms) = preSolution
		Debug|Any CPU = Debug|Any CPU
		Release|Any CPU = Release|Any CPU
	EndGlobalSection
	GlobalSection(ProjectConfigurationPlatforms) = postSolution
		{764ECD71-ECBB-4103-A985-4BBC9917925D}.Debug|Any CPU.ActiveCfg = Debug|Any CPU
		{764ECD71-ECBB-4103-A985-4BBC9917925D}.Debug|Any CPU.Build.0 = Debug|Any CPU
		{764ECD71-ECBB-4103-A985-4BBC9917925D}.Release|Any CPU.ActiveCfg = Release|Any CPU
		{764ECD71-ECBB-4103-A985-4BBC9917925D}.Release|Any CPU.Build.0 = Release|Any CPU
	EndGlobalSection
	GlobalSection(SolutionProperties) = preSolution
		HideSolutionNode = FALSE
	EndGlobalSection
EndGlobal
