
Microsoft Visual Studio Solution File, Format Version 12.00
# Visual Studio 14
VisualStudioVersion = 14.0.25420.1
MinimumVisualStudioVersion = 10.0.40219.1
Project("{FAE04EC0-301F-11D3-BF4B-00C04F79EFBC}") = "D7 - Jeffrey Wong ICS3U", "D7 - Jeffrey Wong ICS3U\D7 - Jeffrey Wong ICS3U.csproj", "{D779E2EA-D287-4E2A-9A10-A767FEB1E0FB}"
EndProject
Global
	GlobalSection(SolutionConfigurationPlatforms) = preSolution
		Debug|Any CPU = Debug|Any CPU
		Release|Any CPU = Release|Any CPU
	EndGlobalSection
	GlobalSection(ProjectConfigurationPlatforms) = postSolution
		{D779E2EA-D287-4E2A-9A10-A767FEB1E0FB}.Debug|Any CPU.ActiveCfg = Debug|Any CPU
		{D779E2EA-D287-4E2A-9A10-A767FEB1E0FB}.Debug|Any CPU.Build.0 = Debug|Any CPU
		{D779E2EA-D287-4E2A-9A10-A767FEB1E0FB}.Release|Any CPU.ActiveCfg = Release|Any CPU
		{D779E2EA-D287-4E2A-9A10-A767FEB1E0FB}.Release|Any CPU.Build.0 = Release|Any CPU
	EndGlobalSection
	GlobalSection(SolutionProperties) = preSolution
		HideSolutionNode = FALSE
	EndGlobalSection
EndGlobal
